// !$*UTF8*$!
{
	archiveVersion = 1;
	classes = {
	};
	objectVersion = 46;
	objects = {

/* Begin PBXBuildFile section */
		20532D7918EC52C000BC237B /* HomeController.m in Sources */ = {isa = PBXBuildFile; fileRef = 20532D7718EC52C000BC237B /* HomeController.m */; };
		20532D7A18EC52C000BC237B /* HomeController.xib in Resources */ = {isa = PBXBuildFile; fileRef = 20532D7818EC52C000BC237B /* HomeController.xib */; };
		209A9CCE18EC4E8700D93CDB /* Foundation.framework in Frameworks */ = {isa = PBXBuildFile; fileRef = 209A9CCD18EC4E8700D93CDB /* Foundation.framework */; };
		209A9CD018EC4E8700D93CDB /* CoreGraphics.framework in Frameworks */ = {isa = PBXBuildFile; fileRef = 209A9CCF18EC4E8700D93CDB /* CoreGraphics.framework */; };
		209A9CD218EC4E8700D93CDB /* UIKit.framework in Frameworks */ = {isa = PBXBuildFile; fileRef = 209A9CD118EC4E8700D93CDB /* UIKit.framework */; };
		209A9CD818EC4E8700D93CDB /* InfoPlist.strings in Resources */ = {isa = PBXBuildFile; fileRef = 209A9CD618EC4E8700D93CDB /* InfoPlist.strings */; };
		209A9CDA18EC4E8700D93CDB /* main.m in Sources */ = {isa = PBXBuildFile; fileRef = 209A9CD918EC4E8700D93CDB /* main.m */; };
		209A9CDE18EC4E8700D93CDB /* AppDelegate.m in Sources */ = {isa = PBXBuildFile; fileRef = 209A9CDD18EC4E8700D93CDB /* AppDelegate.m */; };
		209A9CE918EC4E8700D93CDB /* Images.xcassets in Resources */ = {isa = PBXBuildFile; fileRef = 209A9CE818EC4E8700D93CDB /* Images.xcassets */; };
		209A9CF018EC4E8700D93CDB /* XCTest.framework in Frameworks */ = {isa = PBXBuildFile; fileRef = 209A9CEF18EC4E8700D93CDB /* XCTest.framework */; };
		209A9CF118EC4E8700D93CDB /* Foundation.framework in Frameworks */ = {isa = PBXBuildFile; fileRef = 209A9CCD18EC4E8700D93CDB /* Foundation.framework */; };
		209A9CF218EC4E8700D93CDB /* UIKit.framework in Frameworks */ = {isa = PBXBuildFile; fileRef = 209A9CD118EC4E8700D93CDB /* UIKit.framework */; };
		209A9CFA18EC4E8700D93CDB /* InfoPlist.strings in Resources */ = {isa = PBXBuildFile; fileRef = 209A9CF818EC4E8700D93CDB /* InfoPlist.strings */; };
		209A9CFC18EC4E8700D93CDB /* PopInTestTests.m in Sources */ = {isa = PBXBuildFile; fileRef = 209A9CFB18EC4E8700D93CDB /* PopInTestTests.m */; };
		20E5DC4918EC56DD008420D0 /* libPopIn.a in Frameworks */ = {isa = PBXBuildFile; fileRef = 20A8133A18EC55D10091490B /* libPopIn.a */; };
/* End PBXBuildFile section */

/* Begin PBXContainerItemProxy section */
		209A9CF318EC4E8700D93CDB /* PBXContainerItemProxy */ = {
			isa = PBXContainerItemProxy;
			containerPortal = 209A9CC218EC4E8700D93CDB /* Project object */;
			proxyType = 1;
			remoteGlobalIDString = 209A9CC918EC4E8700D93CDB;
			remoteInfo = PopInTest;
		};
		20A8133918EC55D10091490B /* PBXContainerItemProxy */ = {
			isa = PBXContainerItemProxy;
			containerPortal = 20A8133418EC55D10091490B /* PopIn.xcodeproj */;
			proxyType = 2;
			remoteGlobalIDString = 209A9D0F18EC4F3600D93CDB;
			remoteInfo = PopIn;
		};
		20A8133B18EC55D10091490B /* PBXContainerItemProxy */ = {
			isa = PBXContainerItemProxy;
			containerPortal = 20A8133418EC55D10091490B /* PopIn.xcodeproj */;
			proxyType = 2;
			remoteGlobalIDString = 209A9D1F18EC4F3600D93CDB;
			remoteInfo = PopInTests;
		};
		20E5DC4318EC55ED008420D0 /* PBXContainerItemProxy */ = {
			isa = PBXContainerItemProxy;
			containerPortal = 20A8133418EC55D10091490B /* PopIn.xcodeproj */;
			proxyType = 1;
			remoteGlobalIDString = 209A9D0E18EC4F3600D93CDB;
			remoteInfo = PopIn;
		};
/* End PBXContainerItemProxy section */

/* Begin PBXFileReference section */
		20532D7618EC52C000BC237B /* HomeController.h */ = {isa = PBXFileReference; fileEncoding = 4; lastKnownFileType = sourcecode.c.h; path = HomeController.h; sourceTree = "<group>"; };
		20532D7718EC52C000BC237B /* HomeController.m */ = {isa = PBXFileReference; fileEncoding = 4; lastKnownFileType = sourcecode.c.objc; path = HomeController.m; sourceTree = "<group>"; };
		20532D7818EC52C000BC237B /* HomeController.xib */ = {isa = PBXFileReference; fileEncoding = 4; lastKnownFileType = file.xib; path = HomeController.xib; sourceTree = "<group>"; };
		209A9CCA18EC4E8700D93CDB /* PopInTestApp.app */ = {isa = PBXFileReference; explicitFileType = wrapper.application; includeInIndex = 0; path = PopInTestApp.app; sourceTree = BUILT_PRODUCTS_DIR; };
		209A9CCD18EC4E8700D93CDB /* Foundation.framework */ = {isa = PBXFileReference; lastKnownFileType = wrapper.framework; name = Foundation.framework; path = System/Library/Frameworks/Foundation.framework; sourceTree = SDKROOT; };
		209A9CCF18EC4E8700D93CDB /* CoreGraphics.framework */ = {isa = PBXFileReference; lastKnownFileType = wrapper.framework; name = CoreGraphics.framework; path = System/Library/Frameworks/CoreGraphics.framework; sourceTree = SDKROOT; };
		209A9CD118EC4E8700D93CDB /* UIKit.framework */ = {isa = PBXFileReference; lastKnownFileType = wrapper.framework; name = UIKit.framework; path = System/Library/Frameworks/UIKit.framework; sourceTree = SDKROOT; };
		209A9CD518EC4E8700D93CDB /* PopInTestApp-Info.plist */ = {isa = PBXFileReference; lastKnownFileType = text.plist.xml; path = "PopInTestApp-Info.plist"; sourceTree = "<group>"; };
		209A9CD718EC4E8700D93CDB /* en */ = {isa = PBXFileReference; lastKnownFileType = text.plist.strings; name = en; path = en.lproj/InfoPlist.strings; sourceTree = "<group>"; };
		209A9CD918EC4E8700D93CDB /* main.m */ = {isa = PBXFileReference; lastKnownFileType = sourcecode.c.objc; path = main.m; sourceTree = "<group>"; };
		209A9CDB18EC4E8700D93CDB /* PopInTestApp-Prefix.pch */ = {isa = PBXFileReference; lastKnownFileType = sourcecode.c.h; path = "PopInTestApp-Prefix.pch"; sourceTree = "<group>"; };
		209A9CDC18EC4E8700D93CDB /* AppDelegate.h */ = {isa = PBXFileReference; lastKnownFileType = sourcecode.c.h; path = AppDelegate.h; sourceTree = "<group>"; };
		209A9CDD18EC4E8700D93CDB /* AppDelegate.m */ = {isa = PBXFileReference; lastKnownFileType = sourcecode.c.objc; path = AppDelegate.m; sourceTree = "<group>"; };
		209A9CE818EC4E8700D93CDB /* Images.xcassets */ = {isa = PBXFileReference; lastKnownFileType = folder.assetcatalog; path = Images.xcassets; sourceTree = "<group>"; };
		209A9CEE18EC4E8700D93CDB /* PopInTestAppTests.xctest */ = {isa = PBXFileReference; explicitFileType = wrapper.cfbundle; includeInIndex = 0; path = PopInTestAppTests.xctest; sourceTree = BUILT_PRODUCTS_DIR; };
		209A9CEF18EC4E8700D93CDB /* XCTest.framework */ = {isa = PBXFileReference; lastKnownFileType = wrapper.framework; name = XCTest.framework; path = Library/Frameworks/XCTest.framework; sourceTree = DEVELOPER_DIR; };
		209A9CF718EC4E8700D93CDB /* PopInTestAppTests-Info.plist */ = {isa = PBXFileReference; lastKnownFileType = text.plist.xml; path = "PopInTestAppTests-Info.plist"; sourceTree = "<group>"; };
		209A9CF918EC4E8700D93CDB /* en */ = {isa = PBXFileReference; lastKnownFileType = text.plist.strings; name = en; path = en.lproj/InfoPlist.strings; sourceTree = "<group>"; };
		209A9CFB18EC4E8700D93CDB /* PopInTestTests.m */ = {isa = PBXFileReference; lastKnownFileType = sourcecode.c.objc; path = PopInTestTests.m; sourceTree = "<group>"; };
		20A8133418EC55D10091490B /* PopIn.xcodeproj */ = {isa = PBXFileReference; lastKnownFileType = "wrapper.pb-project"; name = PopIn.xcodeproj; path = ../PopIn.xcodeproj; sourceTree = "<group>"; };
/* End PBXFileReference section */

/* Begin PBXFrameworksBuildPhase section */
		209A9CC718EC4E8700D93CDB /* Frameworks */ = {
			isa = PBXFrameworksBuildPhase;
			buildActionMask = 2147483647;
			files = (
				20E5DC4918EC56DD008420D0 /* libPopIn.a in Frameworks */,
				209A9CD018EC4E8700D93CDB /* CoreGraphics.framework in Frameworks */,
				209A9CD218EC4E8700D93CDB /* UIKit.framework in Frameworks */,
				209A9CCE18EC4E8700D93CDB /* Foundation.framework in Frameworks */,
			);
			runOnlyForDeploymentPostprocessing = 0;
		};
		209A9CEB18EC4E8700D93CDB /* Frameworks */ = {
			isa = PBXFrameworksBuildPhase;
			buildActionMask = 2147483647;
			files = (
				209A9CF018EC4E8700D93CDB /* XCTest.framework in Frameworks */,
				209A9CF218EC4E8700D93CDB /* UIKit.framework in Frameworks */,
				209A9CF118EC4E8700D93CDB /* Foundation.framework in Frameworks */,
			);
			runOnlyForDeploymentPostprocessing = 0;
		};
/* End PBXFrameworksBuildPhase section */

/* Begin PBXGroup section */
		209A9CC118EC4E8700D93CDB = {
			isa = PBXGroup;
			children = (
				209A9CD318EC4E8700D93CDB /* PopInTest */,
				209A9CF518EC4E8700D93CDB /* PopInTestTests */,
				209A9CCC18EC4E8700D93CDB /* Frameworks */,
				209A9CCB18EC4E8700D93CDB /* Products */,
			);
			sourceTree = "<group>";
		};
		209A9CCB18EC4E8700D93CDB /* Products */ = {
			isa = PBXGroup;
			children = (
				209A9CCA18EC4E8700D93CDB /* PopInTestApp.app */,
				209A9CEE18EC4E8700D93CDB /* PopInTestAppTests.xctest */,
			);
			name = Products;
			sourceTree = "<group>";
		};
		209A9CCC18EC4E8700D93CDB /* Frameworks */ = {
			isa = PBXGroup;
			children = (
				20A8133418EC55D10091490B /* PopIn.xcodeproj */,
				209A9CCD18EC4E8700D93CDB /* Foundation.framework */,
				209A9CCF18EC4E8700D93CDB /* CoreGraphics.framework */,
				209A9CD118EC4E8700D93CDB /* UIKit.framework */,
				209A9CEF18EC4E8700D93CDB /* XCTest.framework */,
			);
			name = Frameworks;
			sourceTree = "<group>";
		};
		209A9CD318EC4E8700D93CDB /* PopInTest */ = {
			isa = PBXGroup;
			children = (
				209A9CDC18EC4E8700D93CDB /* AppDelegate.h */,
				209A9CDD18EC4E8700D93CDB /* AppDelegate.m */,
				20532D7618EC52C000BC237B /* HomeController.h */,
				20532D7718EC52C000BC237B /* HomeController.m */,
				20532D7818EC52C000BC237B /* HomeController.xib */,
				209A9CE818EC4E8700D93CDB /* Images.xcassets */,
				209A9CD418EC4E8700D93CDB /* Supporting Files */,
			);
			path = PopInTest;
			sourceTree = "<group>";
		};
		209A9CD418EC4E8700D93CDB /* Supporting Files */ = {
			isa = PBXGroup;
			children = (
				209A9CD518EC4E8700D93CDB /* PopInTestApp-Info.plist */,
				209A9CD618EC4E8700D93CDB /* InfoPlist.strings */,
				209A9CD918EC4E8700D93CDB /* main.m */,
				209A9CDB18EC4E8700D93CDB /* PopInTestApp-Prefix.pch */,
			);
			name = "Supporting Files";
			sourceTree = "<group>";
		};
		209A9CF518EC4E8700D93CDB /* PopInTestTests */ = {
			isa = PBXGroup;
			children = (
				209A9CFB18EC4E8700D93CDB /* PopInTestTests.m */,
				209A9CF618EC4E8700D93CDB /* Supporting Files */,
			);
			path = PopInTestTests;
			sourceTree = "<group>";
		};
		209A9CF618EC4E8700D93CDB /* Supporting Files */ = {
			isa = PBXGroup;
			children = (
				209A9CF718EC4E8700D93CDB /* PopInTestAppTests-Info.plist */,
				209A9CF818EC4E8700D93CDB /* InfoPlist.strings */,
			);
			name = "Supporting Files";
			sourceTree = "<group>";
		};
		20A8133518EC55D10091490B /* Products */ = {
			isa = PBXGroup;
			children = (
				20A8133A18EC55D10091490B /* libPopIn.a */,
				20A8133C18EC55D10091490B /* PopInTests.xctest */,
			);
			name = Products;
			sourceTree = "<group>";
		};
/* End PBXGroup section */

/* Begin PBXNativeTarget section */
		209A9CC918EC4E8700D93CDB /* PopInTestApp */ = {
			isa = PBXNativeTarget;
			buildConfigurationList = 209A9CFF18EC4E8700D93CDB /* Build configuration list for PBXNativeTarget "PopInTestApp" */;
			buildPhases = (
				209A9CC618EC4E8700D93CDB /* Sources */,
				209A9CC718EC4E8700D93CDB /* Frameworks */,
				209A9CC818EC4E8700D93CDB /* Resources */,
			);
			buildRules = (
			);
			dependencies = (
				20E5DC4418EC55ED008420D0 /* PBXTargetDependency */,
			);
			name = PopInTestApp;
			productName = PopInTest;
			productReference = 209A9CCA18EC4E8700D93CDB /* PopInTestApp.app */;
			productType = "com.apple.product-type.application";
		};
		209A9CED18EC4E8700D93CDB /* PopInTestAppTests */ = {
			isa = PBXNativeTarget;
			buildConfigurationList = 209A9D0218EC4E8700D93CDB /* Build configuration list for PBXNativeTarget "PopInTestAppTests" */;
			buildPhases = (
				209A9CEA18EC4E8700D93CDB /* Sources */,
				209A9CEB18EC4E8700D93CDB /* Frameworks */,
				209A9CEC18EC4E8700D93CDB /* Resources */,
			);
			buildRules = (
			);
			dependencies = (
				209A9CF418EC4E8700D93CDB /* PBXTargetDependency */,
			);
			name = PopInTestAppTests;
			productName = PopInTestTests;
			productReference = 209A9CEE18EC4E8700D93CDB /* PopInTestAppTests.xctest */;
			productType = "com.apple.product-type.bundle.unit-test";
		};
/* End PBXNativeTarget section */

/* Begin PBXProject section */
		209A9CC218EC4E8700D93CDB /* Project object */ = {
			isa = PBXProject;
			attributes = {
				LastUpgradeCheck = 0510;
				ORGANIZATIONNAME = "Joe Cerra";
				TargetAttributes = {
					209A9CED18EC4E8700D93CDB = {
						TestTargetID = 209A9CC918EC4E8700D93CDB;
					};
				};
			};
			buildConfigurationList = 209A9CC518EC4E8700D93CDB /* Build configuration list for PBXProject "PopInTestApp" */;
			compatibilityVersion = "Xcode 3.2";
			developmentRegion = English;
			hasScannedForEncodings = 0;
			knownRegions = (
				en,
				Base,
			);
			mainGroup = 209A9CC118EC4E8700D93CDB;
			productRefGroup = 209A9CCB18EC4E8700D93CDB /* Products */;
			projectDirPath = "";
			projectReferences = (
				{
					ProductGroup = 20A8133518EC55D10091490B /* Products */;
					ProjectRef = 20A8133418EC55D10091490B /* PopIn.xcodeproj */;
				},
			);
			projectRoot = "";
			targets = (
				209A9CC918EC4E8700D93CDB /* PopInTestApp */,
				209A9CED18EC4E8700D93CDB /* PopInTestAppTests */,
			);
		};
/* End PBXProject section */

/* Begin PBXReferenceProxy section */
		20A8133A18EC55D10091490B /* libPopIn.a */ = {
			isa = PBXReferenceProxy;
			fileType = archive.ar;
			path = libPopIn.a;
			remoteRef = 20A8133918EC55D10091490B /* PBXContainerItemProxy */;
			sourceTree = BUILT_PRODUCTS_DIR;
		};
		20A8133C18EC55D10091490B /* PopInTests.xctest */ = {
			isa = PBXReferenceProxy;
			fileType = wrapper.cfbundle;
			path = PopInTests.xctest;
			remoteRef = 20A8133B18EC55D10091490B /* PBXContainerItemProxy */;
			sourceTree = BUILT_PRODUCTS_DIR;
		};
/* End PBXReferenceProxy section */

/* Begin PBXResourcesBuildPhase section */
		209A9CC818EC4E8700D93CDB /* Resources */ = {
			isa = PBXResourcesBuildPhase;
			buildActionMask = 2147483647;
			files = (
				209A9CE918EC4E8700D93CDB /* Images.xcassets in Resources */,
				20532D7A18EC52C000BC237B /* HomeController.xib in Resources */,
				209A9CD818EC4E8700D93CDB /* InfoPlist.strings in Resources */,
			);
			runOnlyForDeploymentPostprocessing = 0;
		};
		209A9CEC18EC4E8700D93CDB /* Resources */ = {
			isa = PBXResourcesBuildPhase;
			buildActionMask = 2147483647;
			files = (
				209A9CFA18EC4E8700D93CDB /* InfoPlist.strings in Resources */,
			);
			runOnlyForDeploymentPostprocessing = 0;
		};
/* End PBXResourcesBuildPhase section */

/* Begin PBXSourcesBuildPhase section */
		209A9CC618EC4E8700D93CDB /* Sources */ = {
			isa = PBXSourcesBuildPhase;
			buildActionMask = 2147483647;
			files = (
				20532D7918EC52C000BC237B /* HomeController.m in Sources */,
				209A9CDE18EC4E8700D93CDB /* AppDelegate.m in Sources */,
				209A9CDA18EC4E8700D93CDB /* main.m in Sources */,
			);
			runOnlyForDeploymentPostprocessing = 0;
		};
		209A9CEA18EC4E8700D93CDB /* Sources */ = {
			isa = PBXSourcesBuildPhase;
			buildActionMask = 2147483647;
			files = (
				209A9CFC18EC4E8700D93CDB /* PopInTestTests.m in Sources */,
			);
			runOnlyForDeploymentPostprocessing = 0;
		};
/* End PBXSourcesBuildPhase section */

/* Begin PBXTargetDependency section */
		209A9CF418EC4E8700D93CDB /* PBXTargetDependency */ = {
			isa = PBXTargetDependency;
			target = 209A9CC918EC4E8700D93CDB /* PopInTestApp */;
			targetProxy = 209A9CF318EC4E8700D93CDB /* PBXContainerItemProxy */;
		};
		20E5DC4418EC55ED008420D0 /* PBXTargetDependency */ = {
			isa = PBXTargetDependency;
			name = PopIn;
			targetProxy = 20E5DC4318EC55ED008420D0 /* PBXContainerItemProxy */;
		};
/* End PBXTargetDependency section */

/* Begin PBXVariantGroup section */
		209A9CD618EC4E8700D93CDB /* InfoPlist.strings */ = {
			isa = PBXVariantGroup;
			children = (
				209A9CD718EC4E8700D93CDB /* en */,
			);
			name = InfoPlist.strings;
			sourceTree = "<group>";
		};
		209A9CF818EC4E8700D93CDB /* InfoPlist.strings */ = {
			isa = PBXVariantGroup;
			children = (
				209A9CF918EC4E8700D93CDB /* en */,
			);
			name = InfoPlist.strings;
			sourceTree = "<group>";
		};
/* End PBXVariantGroup section */

/* Begin XCBuildConfiguration section */
		209A9CFD18EC4E8700D93CDB /* Debug */ = {
			isa = XCBuildConfiguration;
			buildSettings = {
				ALWAYS_SEARCH_USER_PATHS = NO;
				CLANG_CXX_LANGUAGE_STANDARD = "gnu++0x";
				CLANG_CXX_LIBRARY = "libc++";
				CLANG_ENABLE_MODULES = YES;
				CLANG_ENABLE_OBJC_ARC = YES;
				CLANG_WARN_BOOL_CONVERSION = YES;
				CLANG_WARN_CONSTANT_CONVERSION = YES;
				CLANG_WARN_DIRECT_OBJC_ISA_USAGE = YES_ERROR;
				CLANG_WARN_EMPTY_BODY = YES;
				CLANG_WARN_ENUM_CONVERSION = YES;
				CLANG_WARN_INT_CONVERSION = YES;
				CLANG_WARN_OBJC_ROOT_CLASS = YES_ERROR;
				CLANG_WARN__DUPLICATE_METHOD_MATCH = YES;
				"CODE_SIGN_IDENTITY[sdk=iphoneos*]" = "iPhone Developer";
				COPY_PHASE_STRIP = NO;
				GCC_C_LANGUAGE_STANDARD = gnu99;
				GCC_DYNAMIC_NO_PIC = NO;
				GCC_OPTIMIZATION_LEVEL = 0;
				GCC_PREPROCESSOR_DEFINITIONS = (
					"DEBUG=1",
					"$(inherited)",
				);
				GCC_SYMBOLS_PRIVATE_EXTERN = NO;
				GCC_WARN_64_TO_32_BIT_CONVERSION = YES;
				GCC_WARN_ABOUT_RETURN_TYPE = YES_ERROR;
				GCC_WARN_UNDECLARED_SELECTOR = YES;
				GCC_WARN_UNINITIALIZED_AUTOS = YES_AGGRESSIVE;
				GCC_WARN_UNUSED_FUNCTION = YES;
				GCC_WARN_UNUSED_VARIABLE = YES;
				IPHONEOS_DEPLOYMENT_TARGET = 7.1;
				ONLY_ACTIVE_ARCH = YES;
				SDKROOT = iphoneos;
				TARGETED_DEVICE_FAMILY = "1,2";
			};
			name = Debug;
		};
		209A9CFE18EC4E8700D93CDB /* Release */ = {
			isa = XCBuildConfiguration;
			buildSettings = {
				ALWAYS_SEARCH_USER_PATHS = NO;
				CLANG_CXX_LANGUAGE_STANDARD = "gnu++0x";
				CLANG_CXX_LIBRARY = "libc++";
				CLANG_ENABLE_MODULES = YES;
				CLANG_ENABLE_OBJC_ARC = YES;
				CLANG_WARN_BOOL_CONVERSION = YES;
				CLANG_WARN_CONSTANT_CONVERSION = YES;
				CLANG_WARN_DIRECT_OBJC_ISA_USAGE = YES_ERROR;
				CLANG_WARN_EMPTY_BODY = YES;
				CLANG_WARN_ENUM_CONVERSION = YES;
				CLANG_WARN_INT_CONVERSION = YES;
				CLANG_WARN_OBJC_ROOT_CLASS = YES_ERROR;
				CLANG_WARN__DUPLICATE_METHOD_MATCH = YES;
				"CODE_SIGN_IDENTITY[sdk=iphoneos*]" = "iPhone Developer";
				COPY_PHASE_STRIP = YES;
				ENABLE_NS_ASSERTIONS = NO;
				GCC_C_LANGUAGE_STANDARD = gnu99;
				GCC_WARN_64_TO_32_BIT_CONVERSION = YES;
				GCC_WARN_ABOUT_RETURN_TYPE = YES_ERROR;
				GCC_WARN_UNDECLARED_SELECTOR = YES;
				GCC_WARN_UNINITIALIZED_AUTOS = YES_AGGRESSIVE;
				GCC_WARN_UNUSED_FUNCTION = YES;
				GCC_WARN_UNUSED_VARIABLE = YES;
				IPHONEOS_DEPLOYMENT_TARGET = 7.1;
				ONLY_ACTIVE_ARCH = YES;
				SDKROOT = iphoneos;
				TARGETED_DEVICE_FAMILY = "1,2";
				VALIDATE_PRODUCT = YES;
			};
			name = Release;
		};
		209A9D0018EC4E8700D93CDB /* Debug */ = {
			isa = XCBuildConfiguration;
			buildSettings = {
				ALWAYS_SEARCH_USER_PATHS = YES;
				ASSETCATALOG_COMPILER_APPICON_NAME = AppIcon;
				ASSETCATALOG_COMPILER_LAUNCHIMAGE_NAME = LaunchImage;
				FRAMEWORK_SEARCH_PATHS = (
					"$(inherited)",
					"\"$(SYSTEM_APPS_DIR)/Xcode.app/Contents/Developer/Library/Frameworks\"",
				);
				GCC_PRECOMPILE_PREFIX_HEADER = YES;
				GCC_PREFIX_HEADER = "PopInTest/PopInTestApp-Prefix.pch";
				INFOPLIST_FILE = "PopInTest/PopInTestApp-Info.plist";
				PRODUCT_NAME = PopInTestApp;
				USER_HEADER_SEARCH_PATHS = "";
				WRAPPER_EXTENSION = app;
			};
			name = Debug;
		};
		209A9D0118EC4E8700D93CDB /* Release */ = {
			isa = XCBuildConfiguration;
			buildSettings = {
				ALWAYS_SEARCH_USER_PATHS = YES;
				ASSETCATALOG_COMPILER_APPICON_NAME = AppIcon;
				ASSETCATALOG_COMPILER_LAUNCHIMAGE_NAME = LaunchImage;
				FRAMEWORK_SEARCH_PATHS = (
					"$(inherited)",
					"\"$(SYSTEM_APPS_DIR)/Xcode.app/Contents/Developer/Library/Frameworks\"",
				);
				GCC_PRECOMPILE_PREFIX_HEADER = YES;
				GCC_PREFIX_HEADER = "PopInTest/PopInTestApp-Prefix.pch";
				INFOPLIST_FILE = "PopInTest/PopInTestApp-Info.plist";
				PRODUCT_NAME = PopInTestApp;
				USER_HEADER_SEARCH_PATHS = "";
				WRAPPER_EXTENSION = app;
			};
			name = Release;
		};
		209A9D0318EC4E8700D93CDB /* Debug */ = {
			isa = XCBuildConfiguration;
			buildSettings = {
				BUNDLE_LOADER = "$(BUILT_PRODUCTS_DIR)/PopInTest.app/PopInTest";
				FRAMEWORK_SEARCH_PATHS = (
					"$(SDKROOT)/Developer/Library/Frameworks",
					"$(inherited)",
					"$(DEVELOPER_FRAMEWORKS_DIR)",
				);
				GCC_PRECOMPILE_PREFIX_HEADER = YES;
				GCC_PREFIX_HEADER = "PopInTest/PopInTest-Prefix.pch";
				GCC_PREPROCESSOR_DEFINITIONS = (
					"DEBUG=1",
					"$(inherited)",
				);
				INFOPLIST_FILE = "PopInTestTests/PopInTestAppTests-Info.plist";
				PRODUCT_NAME = PopInTestAppTests;
				TEST_HOST = "$(BUNDLE_LOADER)";
				WRAPPER_EXTENSION = xctest;
			};
			name = Debug;
		};
		209A9D0418EC4E8700D93CDB /* Release */ = {
			isa = XCBuildConfiguration;
			buildSettings = {
				BUNDLE_LOADER = "$(BUILT_PRODUCTS_DIR)/PopInTest.app/PopInTest";
				FRAMEWORK_SEARCH_PATHS = (
					"$(SDKROOT)/Developer/Library/Frameworks",
					"$(inherited)",
					"$(DEVELOPER_FRAMEWORKS_DIR)",
				);
				GCC_PRECOMPILE_PREFIX_HEADER = YES;
				GCC_PREFIX_HEADER = "PopInTest/PopInTest-Prefix.pch";
				INFOPLIST_FILE = "PopInTestTests/PopInTestAppTests-Info.plist";
				PRODUCT_NAME = PopInTestAppTests;
				TEST_HOST = "$(BUNDLE_LOADER)";
				WRAPPER_EXTENSION = xctest;
			};
			name = Release;
		};
/* End XCBuildConfiguration section */

/* Begin XCConfigurationList section */
		209A9CC518EC4E8700D93CDB /* Build configuration list for PBXProject "PopInTestApp" */ = {
			isa = XCConfigurationList;
			buildConfigurations = (
				209A9CFD18EC4E8700D93CDB /* Debug */,
				209A9CFE18EC4E8700D93CDB /* Release */,
			);
			defaultConfigurationIsVisible = 0;
			defaultConfigurationName = Release;
		};
		209A9CFF18EC4E8700D93CDB /* Build configuration list for PBXNativeTarget "PopInTestApp" */ = {
			isa = XCConfigurationList;
			buildConfigurations = (
				209A9D0018EC4E8700D93CDB /* Debug */,
				209A9D0118EC4E8700D93CDB /* Release */,
			);
			defaultConfigurationIsVisible = 0;
			defaultConfigurationName = Release;
		};
		209A9D0218EC4E8700D93CDB /* Build configuration list for PBXNativeTarget "PopInTestAppTests" */ = {
			isa = XCConfigurationList;
			buildConfigurations = (
				209A9D0318EC4E8700D93CDB /* Debug */,
				209A9D0418EC4E8700D93CDB /* Release */,
			);
			defaultConfigurationIsVisible = 0;
			defaultConfigurationName = Release;
		};
/* End XCConfigurationList section */
	};
	rootObject = 209A9CC218EC4E8700D93CDB /* Project object */;
}
