// !$*UTF8*$!
{
	archiveVersion = 1;
	classes = {
	};
	objectVersion = 46;
	objects = {

/* Begin PBXBuildFile section */
		2041AEE118EC594400B64F4A /* PopIn.h in Headers */ = {isa = PBXBuildFile; fileRef = 20532D3918EC503100BC237B /* PopIn.h */; settings = {ATTRIBUTES = (Public, ); }; };
		2041AEE218EC594400B64F4A /* PopInViewController.h in Headers */ = {isa = PBXBuildFile; fileRef = 20532D3A18EC503100BC237B /* PopInViewController.h */; settings = {ATTRIBUTES = (Public, ); }; };
		20532D3C18EC503100BC237B /* PopInViewController.m in Sources */ = {isa = PBXBuildFile; fileRef = 20532D3B18EC503100BC237B /* PopInViewController.m */; };
		209A9D1318EC4F3600D93CDB /* Foundation.framework in Frameworks */ = {isa = PBXBuildFile; fileRef = 209A9D1218EC4F3600D93CDB /* Foundation.framework */; };
		209A9D2118EC4F3600D93CDB /* XCTest.framework in Frameworks */ = {isa = PBXBuildFile; fileRef = 209A9D2018EC4F3600D93CDB /* XCTest.framework */; };
		209A9D2218EC4F3600D93CDB /* Foundation.framework in Frameworks */ = {isa = PBXBuildFile; fileRef = 209A9D1218EC4F3600D93CDB /* Foundation.framework */; };
		209A9D2418EC4F3600D93CDB /* UIKit.framework in Frameworks */ = {isa = PBXBuildFile; fileRef = 209A9D2318EC4F3600D93CDB /* UIKit.framework */; };
		209A9D2718EC4F3600D93CDB /* libPopIn.a in Frameworks */ = {isa = PBXBuildFile; fileRef = 209A9D0F18EC4F3600D93CDB /* libPopIn.a */; };
		209A9D2D18EC4F3600D93CDB /* InfoPlist.strings in Resources */ = {isa = PBXBuildFile; fileRef = 209A9D2B18EC4F3600D93CDB /* InfoPlist.strings */; };
		209A9D2F18EC4F3600D93CDB /* PopInTests.m in Sources */ = {isa = PBXBuildFile; fileRef = 209A9D2E18EC4F3600D93CDB /* PopInTests.m */; };
		20CBC4DB18EC5DB000632651 /* PopIn.h in CopyFiles */ = {isa = PBXBuildFile; fileRef = 20532D3918EC503100BC237B /* PopIn.h */; };
		20CBC4DC18EC5DB000632651 /* PopInViewController.h in CopyFiles */ = {isa = PBXBuildFile; fileRef = 20532D3A18EC503100BC237B /* PopInViewController.h */; };
/* End PBXBuildFile section */

/* Begin PBXContainerItemProxy section */
		209A9D2518EC4F3600D93CDB /* PBXContainerItemProxy */ = {
			isa = PBXContainerItemProxy;
			containerPortal = 209A9D0718EC4F3600D93CDB /* Project object */;
			proxyType = 1;
			remoteGlobalIDString = 209A9D0E18EC4F3600D93CDB;
			remoteInfo = PopIn;
		};
/* End PBXContainerItemProxy section */

/* Begin PBXCopyFilesBuildPhase section */
		209A9D0D18EC4F3600D93CDB /* CopyFiles */ = {
			isa = PBXCopyFilesBuildPhase;
			buildActionMask = 2147483647;
			dstPath = "include/$(PRODUCT_NAME)";
			dstSubfolderSpec = 16;
			files = (
				20CBC4DB18EC5DB000632651 /* PopIn.h in CopyFiles */,
				20CBC4DC18EC5DB000632651 /* PopInViewController.h in CopyFiles */,
			);
			runOnlyForDeploymentPostprocessing = 0;
		};
/* End PBXCopyFilesBuildPhase section */

/* Begin PBXFileReference section */
		20532D3918EC503100BC237B /* PopIn.h */ = {isa = PBXFileReference; fileEncoding = 4; lastKnownFileType = sourcecode.c.h; path = PopIn.h; sourceTree = "<group>"; };
		20532D3A18EC503100BC237B /* PopInViewController.h */ = {isa = PBXFileReference; fileEncoding = 4; lastKnownFileType = sourcecode.c.h; path = PopInViewController.h; sourceTree = "<group>"; };
		20532D3B18EC503100BC237B /* PopInViewController.m */ = {isa = PBXFileReference; fileEncoding = 4; lastKnownFileType = sourcecode.c.objc; path = PopInViewController.m; sourceTree = "<group>"; };
		209A9D0F18EC4F3600D93CDB /* libPopIn.a */ = {isa = PBXFileReference; explicitFileType = archive.ar; includeInIndex = 0; path = libPopIn.a; sourceTree = BUILT_PRODUCTS_DIR; };
		209A9D1218EC4F3600D93CDB /* Foundation.framework */ = {isa = PBXFileReference; lastKnownFileType = wrapper.framework; name = Foundation.framework; path = System/Library/Frameworks/Foundation.framework; sourceTree = SDKROOT; };
		209A9D1618EC4F3600D93CDB /* PopIn-Prefix.pch */ = {isa = PBXFileReference; lastKnownFileType = sourcecode.c.h; path = "PopIn-Prefix.pch"; sourceTree = "<group>"; };
		209A9D1F18EC4F3600D93CDB /* PopInTests.xctest */ = {isa = PBXFileReference; explicitFileType = wrapper.cfbundle; includeInIndex = 0; path = PopInTests.xctest; sourceTree = BUILT_PRODUCTS_DIR; };
		209A9D2018EC4F3600D93CDB /* XCTest.framework */ = {isa = PBXFileReference; lastKnownFileType = wrapper.framework; name = XCTest.framework; path = Library/Frameworks/XCTest.framework; sourceTree = DEVELOPER_DIR; };
		209A9D2318EC4F3600D93CDB /* UIKit.framework */ = {isa = PBXFileReference; lastKnownFileType = wrapper.framework; name = UIKit.framework; path = Library/Frameworks/UIKit.framework; sourceTree = DEVELOPER_DIR; };
		209A9D2A18EC4F3600D93CDB /* PopInTests-Info.plist */ = {isa = PBXFileReference; lastKnownFileType = text.plist.xml; path = "PopInTests-Info.plist"; sourceTree = "<group>"; };
		209A9D2C18EC4F3600D93CDB /* en */ = {isa = PBXFileReference; lastKnownFileType = text.plist.strings; name = en; path = en.lproj/InfoPlist.strings; sourceTree = "<group>"; };
		209A9D2E18EC4F3600D93CDB /* PopInTests.m */ = {isa = PBXFileReference; lastKnownFileType = sourcecode.c.objc; path = PopInTests.m; sourceTree = "<group>"; };
/* End PBXFileReference section */

/* Begin PBXFrameworksBuildPhase section */
		209A9D0C18EC4F3600D93CDB /* Frameworks */ = {
			isa = PBXFrameworksBuildPhase;
			buildActionMask = 2147483647;
			files = (
				209A9D1318EC4F3600D93CDB /* Foundation.framework in Frameworks */,
			);
			runOnlyForDeploymentPostprocessing = 0;
		};
		209A9D1C18EC4F3600D93CDB /* Frameworks */ = {
			isa = PBXFrameworksBuildPhase;
			buildActionMask = 2147483647;
			files = (
				209A9D2118EC4F3600D93CDB /* XCTest.framework in Frameworks */,
				209A9D2418EC4F3600D93CDB /* UIKit.framework in Frameworks */,
				209A9D2718EC4F3600D93CDB /* libPopIn.a in Frameworks */,
				209A9D2218EC4F3600D93CDB /* Foundation.framework in Frameworks */,
			);
			runOnlyForDeploymentPostprocessing = 0;
		};
/* End PBXFrameworksBuildPhase section */

/* Begin PBXGroup section */
		209A9D0618EC4F3600D93CDB = {
			isa = PBXGroup;
			children = (
				209A9D1418EC4F3600D93CDB /* PopIn */,
				209A9D2818EC4F3600D93CDB /* PopInTests */,
				209A9D1118EC4F3600D93CDB /* Frameworks */,
				209A9D1018EC4F3600D93CDB /* Products */,
			);
			sourceTree = "<group>";
		};
		209A9D1018EC4F3600D93CDB /* Products */ = {
			isa = PBXGroup;
			children = (
				209A9D0F18EC4F3600D93CDB /* libPopIn.a */,
				209A9D1F18EC4F3600D93CDB /* PopInTests.xctest */,
			);
			name = Products;
			sourceTree = "<group>";
		};
		209A9D1118EC4F3600D93CDB /* Frameworks */ = {
			isa = PBXGroup;
			children = (
				209A9D1218EC4F3600D93CDB /* Foundation.framework */,
				209A9D2018EC4F3600D93CDB /* XCTest.framework */,
				209A9D2318EC4F3600D93CDB /* UIKit.framework */,
			);
			name = Frameworks;
			sourceTree = "<group>";
		};
		209A9D1418EC4F3600D93CDB /* PopIn */ = {
			isa = PBXGroup;
			children = (
				20532D3918EC503100BC237B /* PopIn.h */,
				20532D3A18EC503100BC237B /* PopInViewController.h */,
				20532D3B18EC503100BC237B /* PopInViewController.m */,
				209A9D1518EC4F3600D93CDB /* Supporting Files */,
			);
			name = PopIn;
			path = Classes;
			sourceTree = "<group>";
		};
		209A9D1518EC4F3600D93CDB /* Supporting Files */ = {
			isa = PBXGroup;
			children = (
				209A9D1618EC4F3600D93CDB /* PopIn-Prefix.pch */,
			);
			name = "Supporting Files";
			sourceTree = "<group>";
		};
		209A9D2818EC4F3600D93CDB /* PopInTests */ = {
			isa = PBXGroup;
			children = (
				209A9D2E18EC4F3600D93CDB /* PopInTests.m */,
				209A9D2918EC4F3600D93CDB /* Supporting Files */,
			);
			path = PopInTests;
			sourceTree = "<group>";
		};
		209A9D2918EC4F3600D93CDB /* Supporting Files */ = {
			isa = PBXGroup;
			children = (
				209A9D2A18EC4F3600D93CDB /* PopInTests-Info.plist */,
				209A9D2B18EC4F3600D93CDB /* InfoPlist.strings */,
			);
			name = "Supporting Files";
			sourceTree = "<group>";
		};
/* End PBXGroup section */

/* Begin PBXHeadersBuildPhase section */
		20532D7B18EC53A300BC237B /* Headers */ = {
			isa = PBXHeadersBuildPhase;
			buildActionMask = 2147483647;
			files = (
				2041AEE118EC594400B64F4A /* PopIn.h in Headers */,
				2041AEE218EC594400B64F4A /* PopInViewController.h in Headers */,
			);
			runOnlyForDeploymentPostprocessing = 0;
		};
/* End PBXHeadersBuildPhase section */

/* Begin PBXNativeTarget section */
		209A9D0E18EC4F3600D93CDB /* PopIn */ = {
			isa = PBXNativeTarget;
			buildConfigurationList = 209A9D3218EC4F3600D93CDB /* Build configuration list for PBXNativeTarget "PopIn" */;
			buildPhases = (
				20532D7B18EC53A300BC237B /* Headers */,
				209A9D0B18EC4F3600D93CDB /* Sources */,
				209A9D0C18EC4F3600D93CDB /* Frameworks */,
				209A9D0D18EC4F3600D93CDB /* CopyFiles */,
			);
			buildRules = (
			);
			dependencies = (
			);
			name = PopIn;
			productName = PopIn;
			productReference = 209A9D0F18EC4F3600D93CDB /* libPopIn.a */;
			productType = "com.apple.product-type.library.static";
		};
		209A9D1E18EC4F3600D93CDB /* PopInTests */ = {
			isa = PBXNativeTarget;
			buildConfigurationList = 209A9D3518EC4F3600D93CDB /* Build configuration list for PBXNativeTarget "PopInTests" */;
			buildPhases = (
				209A9D1B18EC4F3600D93CDB /* Sources */,
				209A9D1C18EC4F3600D93CDB /* Frameworks */,
				209A9D1D18EC4F3600D93CDB /* Resources */,
			);
			buildRules = (
			);
			dependencies = (
				209A9D2618EC4F3600D93CDB /* PBXTargetDependency */,
			);
			name = PopInTests;
			productName = PopInTests;
			productReference = 209A9D1F18EC4F3600D93CDB /* PopInTests.xctest */;
			productType = "com.apple.product-type.bundle.unit-test";
		};
/* End PBXNativeTarget section */

/* Begin PBXProject section */
		209A9D0718EC4F3600D93CDB /* Project object */ = {
			isa = PBXProject;
			attributes = {
				LastUpgradeCheck = 0510;
				ORGANIZATIONNAME = "Joe Cerra";
			};
			buildConfigurationList = 209A9D0A18EC4F3600D93CDB /* Build configuration list for PBXProject "PopIn" */;
			compatibilityVersion = "Xcode 3.2";
			developmentRegion = English;
			hasScannedForEncodings = 0;
			knownRegions = (
				en,
			);
			mainGroup = 209A9D0618EC4F3600D93CDB;
			productRefGroup = 209A9D1018EC4F3600D93CDB /* Products */;
			projectDirPath = "";
			projectRoot = "";
			targets = (
				209A9D0E18EC4F3600D93CDB /* PopIn */,
				209A9D1E18EC4F3600D93CDB /* PopInTests */,
			);
		};
/* End PBXProject section */

/* Begin PBXResourcesBuildPhase section */
		209A9D1D18EC4F3600D93CDB /* Resources */ = {
			isa = PBXResourcesBuildPhase;
			buildActionMask = 2147483647;
			files = (
				209A9D2D18EC4F3600D93CDB /* InfoPlist.strings in Resources */,
			);
			runOnlyForDeploymentPostprocessing = 0;
		};
/* End PBXResourcesBuildPhase section */

/* Begin PBXSourcesBuildPhase section */
		209A9D0B18EC4F3600D93CDB /* Sources */ = {
			isa = PBXSourcesBuildPhase;
			buildActionMask = 2147483647;
			files = (
				20532D3C18EC503100BC237B /* PopInViewController.m in Sources */,
			);
			runOnlyForDeploymentPostprocessing = 0;
		};
		209A9D1B18EC4F3600D93CDB /* Sources */ = {
			isa = PBXSourcesBuildPhase;
			buildActionMask = 2147483647;
			files = (
				209A9D2F18EC4F3600D93CDB /* PopInTests.m in Sources */,
			);
			runOnlyForDeploymentPostprocessing = 0;
		};
/* End PBXSourcesBuildPhase section */

/* Begin PBXTargetDependency section */
		209A9D2618EC4F3600D93CDB /* PBXTargetDependency */ = {
			isa = PBXTargetDependency;
			target = 209A9D0E18EC4F3600D93CDB /* PopIn */;
			targetProxy = 209A9D2518EC4F3600D93CDB /* PBXContainerItemProxy */;
		};
/* End PBXTargetDependency section */

/* Begin PBXVariantGroup section */
		209A9D2B18EC4F3600D93CDB /* InfoPlist.strings */ = {
			isa = PBXVariantGroup;
			children = (
				209A9D2C18EC4F3600D93CDB /* en */,
			);
			name = InfoPlist.strings;
			sourceTree = "<group>";
		};
/* End PBXVariantGroup section */

/* Begin XCBuildConfiguration section */
		209A9D3018EC4F3600D93CDB /* Debug */ = {
			isa = XCBuildConfiguration;
			buildSettings = {
				ALWAYS_SEARCH_USER_PATHS = NO;
				CLANG_CXX_LANGUAGE_STANDARD = "gnu++0x";
				CLANG_CXX_LIBRARY = "libc++";
				CLANG_ENABLE_MODULES = YES;
				CLANG_ENABLE_OBJC_ARC = YES;
				CLANG_WARN_BOOL_CONVERSION = YES;
				CLANG_WARN_CONSTANT_CONVERSION = YES;
				CLANG_WARN_DIRECT_OBJC_ISA_USAGE = YES_ERROR;
				CLANG_WARN_EMPTY_BODY = YES;
				CLANG_WARN_ENUM_CONVERSION = YES;
				CLANG_WARN_INT_CONVERSION = YES;
				CLANG_WARN_OBJC_ROOT_CLASS = YES_ERROR;
				CLANG_WARN__DUPLICATE_METHOD_MATCH = YES;
				COPY_PHASE_STRIP = NO;
				GCC_C_LANGUAGE_STANDARD = gnu99;
				GCC_DYNAMIC_NO_PIC = NO;
				GCC_OPTIMIZATION_LEVEL = 0;
				GCC_PREPROCESSOR_DEFINITIONS = (
					"DEBUG=1",
					"$(inherited)",
				);
				GCC_SYMBOLS_PRIVATE_EXTERN = NO;
				GCC_WARN_64_TO_32_BIT_CONVERSION = YES;
				GCC_WARN_ABOUT_RETURN_TYPE = YES_ERROR;
				GCC_WARN_UNDECLARED_SELECTOR = YES;
				GCC_WARN_UNINITIALIZED_AUTOS = YES_AGGRESSIVE;
				GCC_WARN_UNUSED_FUNCTION = YES;
				GCC_WARN_UNUSED_VARIABLE = YES;
				IPHONEOS_DEPLOYMENT_TARGET = 7.1;
				ONLY_ACTIVE_ARCH = YES;
				SDKROOT = iphoneos;
			};
			name = Debug;
		};
		209A9D3118EC4F3600D93CDB /* Release */ = {
			isa = XCBuildConfiguration;
			buildSettings = {
				ALWAYS_SEARCH_USER_PATHS = NO;
				CLANG_CXX_LANGUAGE_STANDARD = "gnu++0x";
				CLANG_CXX_LIBRARY = "libc++";
				CLANG_ENABLE_MODULES = YES;
				CLANG_ENABLE_OBJC_ARC = YES;
				CLANG_WARN_BOOL_CONVERSION = YES;
				CLANG_WARN_CONSTANT_CONVERSION = YES;
				CLANG_WARN_DIRECT_OBJC_ISA_USAGE = YES_ERROR;
				CLANG_WARN_EMPTY_BODY = YES;
				CLANG_WARN_ENUM_CONVERSION = YES;
				CLANG_WARN_INT_CONVERSION = YES;
				CLANG_WARN_OBJC_ROOT_CLASS = YES_ERROR;
				CLANG_WARN__DUPLICATE_METHOD_MATCH = YES;
				COPY_PHASE_STRIP = YES;
				ENABLE_NS_ASSERTIONS = NO;
				GCC_C_LANGUAGE_STANDARD = gnu99;
				GCC_WARN_64_TO_32_BIT_CONVERSION = YES;
				GCC_WARN_ABOUT_RETURN_TYPE = YES_ERROR;
				GCC_WARN_UNDECLARED_SELECTOR = YES;
				GCC_WARN_UNINITIALIZED_AUTOS = YES_AGGRESSIVE;
				GCC_WARN_UNUSED_FUNCTION = YES;
				GCC_WARN_UNUSED_VARIABLE = YES;
				IPHONEOS_DEPLOYMENT_TARGET = 7.1;
				SDKROOT = iphoneos;
				VALIDATE_PRODUCT = YES;
			};
			name = Release;
		};
		209A9D3318EC4F3600D93CDB /* Debug */ = {
			isa = XCBuildConfiguration;
			buildSettings = {
				DSTROOT = /tmp/PopIn.dst;
				GCC_PRECOMPILE_PREFIX_HEADER = YES;
				GCC_PREFIX_HEADER = "Classes/PopIn-Prefix.pch";
				OTHER_LDFLAGS = "-ObjC";
				PRIVATE_HEADERS_FOLDER_PATH = "$(CONTENTS_FOLDER_PATH)/PrivateHeaders";
				PRODUCT_NAME = "$(TARGET_NAME)";
				PUBLIC_HEADERS_FOLDER_PATH = "$(CONTENTS_FOLDER_PATH)/Headers";
				SKIP_INSTALL = YES;
			};
			name = Debug;
		};
		209A9D3418EC4F3600D93CDB /* Release */ = {
			isa = XCBuildConfiguration;
			buildSettings = {
				DSTROOT = /tmp/PopIn.dst;
				GCC_PRECOMPILE_PREFIX_HEADER = YES;
				GCC_PREFIX_HEADER = "Classes/PopIn-Prefix.pch";
				OTHER_LDFLAGS = "-ObjC";
				PRIVATE_HEADERS_FOLDER_PATH = "$(CONTENTS_FOLDER_PATH)/PrivateHeaders";
				PRODUCT_NAME = "$(TARGET_NAME)";
				PUBLIC_HEADERS_FOLDER_PATH = "$(CONTENTS_FOLDER_PATH)/Headers";
				SKIP_INSTALL = YES;
			};
			name = Release;
		};
		209A9D3618EC4F3600D93CDB /* Debug */ = {
			isa = XCBuildConfiguration;
			buildSettings = {
				FRAMEWORK_SEARCH_PATHS = (
					"$(SDKROOT)/Developer/Library/Frameworks",
					"$(inherited)",
					"$(DEVELOPER_FRAMEWORKS_DIR)",
				);
				GCC_PRECOMPILE_PREFIX_HEADER = YES;
				GCC_PREFIX_HEADER = "PopIn/PopIn-Prefix.pch";
				GCC_PREPROCESSOR_DEFINITIONS = (
					"DEBUG=1",
					"$(inherited)",
				);
				INFOPLIST_FILE = "PopInTests/PopInTests-Info.plist";
				PRODUCT_NAME = "$(TARGET_NAME)";
				WRAPPER_EXTENSION = xctest;
			};
			name = Debug;
		};
		209A9D3718EC4F3600D93CDB /* Release */ = {
			isa = XCBuildConfiguration;
			buildSettings = {
				FRAMEWORK_SEARCH_PATHS = (
					"$(SDKROOT)/Developer/Library/Frameworks",
					"$(inherited)",
					"$(DEVELOPER_FRAMEWORKS_DIR)",
				);
				GCC_PRECOMPILE_PREFIX_HEADER = YES;
				GCC_PREFIX_HEADER = "PopIn/PopIn-Prefix.pch";
				INFOPLIST_FILE = "PopInTests/PopInTests-Info.plist";
				PRODUCT_NAME = "$(TARGET_NAME)";
				WRAPPER_EXTENSION = xctest;
			};
			name = Release;
		};
/* End XCBuildConfiguration section */

/* Begin XCConfigurationList section */
		209A9D0A18EC4F3600D93CDB /* Build configuration list for PBXProject "PopIn" */ = {
			isa = XCConfigurationList;
			buildConfigurations = (
				209A9D3018EC4F3600D93CDB /* Debug */,
				209A9D3118EC4F3600D93CDB /* Release */,
			);
			defaultConfigurationIsVisible = 0;
			defaultConfigurationName = Release;
		};
		209A9D3218EC4F3600D93CDB /* Build configuration list for PBXNativeTarget "PopIn" */ = {
			isa = XCConfigurationList;
			buildConfigurations = (
				209A9D3318EC4F3600D93CDB /* Debug */,
				209A9D3418EC4F3600D93CDB /* Release */,
			);
			defaultConfigurationIsVisible = 0;
			defaultConfigurationName = Release;
		};
		209A9D3518EC4F3600D93CDB /* Build configuration list for PBXNativeTarget "PopInTests" */ = {
			isa = XCConfigurationList;
			buildConfigurations = (
				209A9D3618EC4F3600D93CDB /* Debug */,
				209A9D3718EC4F3600D93CDB /* Release */,
			);
			defaultConfigurationIsVisible = 0;
			defaultConfigurationName = Release;
		};
/* End XCConfigurationList section */
	};
	rootObject = 209A9D0718EC4F3600D93CDB /* Project object */;
}
